
Microsoft Visual Studio Solution File, Format Version 12.00
# Visual Studio Version 17
VisualStudioVersion = 17.8.34511.84
MinimumVisualStudioVersion = 10.0.40219.1
Project("{FAE04EC0-301F-11D3-BF4B-00C04F79EFBC}") = "TestRegex", "TestRegex\TestRegex.csproj", "{C942FAE5-5BD4-4CB2-8214-66E492E19961}"
EndProject
Global
	GlobalSection(SolutionConfigurationPlatforms) = preSolution
		Debug|Any CPU = Debug|Any CPU
		Release|Any CPU = Release|Any CPU
	EndGlobalSection
	GlobalSection(ProjectConfigurationPlatforms) = postSolution
		{C942FAE5-5BD4-4CB2-8214-66E492E19961}.Debug|Any CPU.ActiveCfg = Debug|Any CPU
		{C942FAE5-5BD4-4CB2-8214-66E492E19961}.Debug|Any CPU.Build.0 = Debug|Any CPU
		{C942FAE5-5BD4-4CB2-8214-66E492E19961}.Release|Any CPU.ActiveCfg = Release|Any CPU
		{C942FAE5-5BD4-4CB2-8214-66E492E19961}.Release|Any CPU.Build.0 = Release|Any CPU
	EndGlobalSection
	GlobalSection(SolutionProperties) = preSolution
		HideSolutionNode = FALSE
	EndGlobalSection
	GlobalSection(ExtensibilityGlobals) = postSolution
		SolutionGuid = {AEC5D4C0-D427-4AA7-8BF1-681D4761621A}
	EndGlobalSection
EndGlobal
